{
    "_readme": [
        "This file locks the dependencies of your project to a known state",
        "Read more about it at https://getcomposer.org/doc/01-basic-usage.md#installing-dependencies",
        "This file is @generated automatically"
    ],
    "content-hash": "68ef25fe0ff193c145655a9d3d626f1e",
    "packages": [
        {
            "name": "jmartz-gmbh/robo-config",
            "version": "dev-master",
            "source": {
                "type": "git",
                "url": "https://github.com/jmartz-gmbh/robo-config.git",
                "reference": "eaebf1fba8caf4195a490d1efa7f8b621189bd27"
            },
            "dist": {
                "type": "zip",
                "url": "https://api.github.com/repos/jmartz-gmbh/robo-config/zipball/eaebf1fba8caf4195a490d1efa7f8b621189bd27",
                "reference": "eaebf1fba8caf4195a490d1efa7f8b621189bd27",
                "shasum": ""
            },
            "require": {
                "ext-json": "*",
                "php": "^7.3|^7.4"
            },
            "type": "library",
            "autoload": {
                "psr-4": {
                    "JmartzGmbh\\": "src/"
                }
            },
            "notification-url": "https://packagist.org/downloads/",
            "license": [
                "MIT"
            ],
            "authors": [
                {
                    "name": "jonathan-martz",
                    "email": "github@jmartz.de"
                }
            ],
            "description": "Robo Plugin for Config Managment",
            "time": "2020-04-02T18:26:37+00:00"
        }
    ],
    "packages-dev": [],
    "aliases": [],
    "minimum-stability": "stable",
    "stability-flags": {
        "jmartz-gmbh/robo-config": 20
    },
    "prefer-stable": false,
    "prefer-lowest": false,
    "platform": [],
    "platform-dev": [],
    "plugin-api-version": "1.1.0"
}
